// !$*UTF8*$!
{
	archiveVersion = 1;
	classes = {
	};
	objectVersion = 55;
	objects = {

/* Begin PBXBuildFile section */
		667D16A229320101007BAEE6 /* AppDelegate.swift in Sources */ = {isa = PBXBuildFile; fileRef = 667D16A129320101007BAEE6 /* AppDelegate.swift */; };
		667D16A429320101007BAEE6 /* SceneDelegate.swift in Sources */ = {isa = PBXBuildFile; fileRef = 667D16A329320101007BAEE6 /* SceneDelegate.swift */; };
		667D16A629320101007BAEE6 /* ViewController.swift in Sources */ = {isa = PBXBuildFile; fileRef = 667D16A529320101007BAEE6 /* ViewController.swift */; };
		667D16A929320101007BAEE6 /* Main.storyboard in Resources */ = {isa = PBXBuildFile; fileRef = 667D16A729320101007BAEE6 /* Main.storyboard */; };
		667D16AB29320102007BAEE6 /* Assets.xcassets in Resources */ = {isa = PBXBuildFile; fileRef = 667D16AA29320102007BAEE6 /* Assets.xcassets */; };
		667D16AE29320102007BAEE6 /* LaunchScreen.storyboard in Resources */ = {isa = PBXBuildFile; fileRef = 667D16AC29320102007BAEE6 /* LaunchScreen.storyboard */; };
		667D16B929320102007BAEE6 /* TP2_G3Tests.swift in Sources */ = {isa = PBXBuildFile; fileRef = 667D16B829320102007BAEE6 /* TP2_G3Tests.swift */; };
		667D16C329320102007BAEE6 /* TP2_G3UITests.swift in Sources */ = {isa = PBXBuildFile; fileRef = 667D16C229320102007BAEE6 /* TP2_G3UITests.swift */; };
		667D16C529320102007BAEE6 /* TP2_G3UITestsLaunchTests.swift in Sources */ = {isa = PBXBuildFile; fileRef = 667D16C429320102007BAEE6 /* TP2_G3UITestsLaunchTests.swift */; };
		66851B20293207080030C6C5 /* CountriesTableViewController.swift in Sources */ = {isa = PBXBuildFile; fileRef = 66851B1F293207080030C6C5 /* CountriesTableViewController.swift */; };
		66851B23293210970030C6C5 /* Country.swift in Sources */ = {isa = PBXBuildFile; fileRef = 66851B22293210970030C6C5 /* Country.swift */; };
		66851B26293211310030C6C5 /* Countries.swift in Sources */ = {isa = PBXBuildFile; fileRef = 66851B25293211310030C6C5 /* Countries.swift */; };
/* End PBXBuildFile section */

/* Begin PBXContainerItemProxy section */
		667D16B529320102007BAEE6 /* PBXContainerItemProxy */ = {
			isa = PBXContainerItemProxy;
			containerPortal = 667D169629320101007BAEE6 /* Project object */;
			proxyType = 1;
			remoteGlobalIDString = 667D169D29320101007BAEE6;
			remoteInfo = TP2_G3;
		};
		667D16BF29320102007BAEE6 /* PBXContainerItemProxy */ = {
			isa = PBXContainerItemProxy;
			containerPortal = 667D169629320101007BAEE6 /* Project object */;
			proxyType = 1;
			remoteGlobalIDString = 667D169D29320101007BAEE6;
			remoteInfo = TP2_G3;
		};
/* End PBXContainerItemProxy section */

/* Begin PBXFileReference section */
		667D169E29320101007BAEE6 /* TP2_G3.app */ = {isa = PBXFileReference; explicitFileType = wrapper.application; includeInIndex = 0; path = TP2_G3.app; sourceTree = BUILT_PRODUCTS_DIR; };
		667D16A129320101007BAEE6 /* AppDelegate.swift */ = {isa = PBXFileReference; lastKnownFileType = sourcecode.swift; path = AppDelegate.swift; sourceTree = "<group>"; };
		667D16A329320101007BAEE6 /* SceneDelegate.swift */ = {isa = PBXFileReference; lastKnownFileType = sourcecode.swift; path = SceneDelegate.swift; sourceTree = "<group>"; };
		667D16A529320101007BAEE6 /* ViewController.swift */ = {isa = PBXFileReference; lastKnownFileType = sourcecode.swift; path = ViewController.swift; sourceTree = "<group>"; };
		667D16A829320101007BAEE6 /* Base */ = {isa = PBXFileReference; lastKnownFileType = file.storyboard; name = Base; path = Base.lproj/Main.storyboard; sourceTree = "<group>"; };
		667D16AA29320102007BAEE6 /* Assets.xcassets */ = {isa = PBXFileReference; lastKnownFileType = folder.assetcatalog; path = Assets.xcassets; sourceTree = "<group>"; };
		667D16AD29320102007BAEE6 /* Base */ = {isa = PBXFileReference; lastKnownFileType = file.storyboard; name = Base; path = Base.lproj/LaunchScreen.storyboard; sourceTree = "<group>"; };
		667D16AF29320102007BAEE6 /* Info.plist */ = {isa = PBXFileReference; lastKnownFileType = text.plist.xml; path = Info.plist; sourceTree = "<group>"; };
		667D16B429320102007BAEE6 /* TP2_G3Tests.xctest */ = {isa = PBXFileReference; explicitFileType = wrapper.cfbundle; includeInIndex = 0; path = TP2_G3Tests.xctest; sourceTree = BUILT_PRODUCTS_DIR; };
		667D16B829320102007BAEE6 /* TP2_G3Tests.swift */ = {isa = PBXFileReference; lastKnownFileType = sourcecode.swift; path = TP2_G3Tests.swift; sourceTree = "<group>"; };
		667D16BE29320102007BAEE6 /* TP2_G3UITests.xctest */ = {isa = PBXFileReference; explicitFileType = wrapper.cfbundle; includeInIndex = 0; path = TP2_G3UITests.xctest; sourceTree = BUILT_PRODUCTS_DIR; };
		667D16C229320102007BAEE6 /* TP2_G3UITests.swift */ = {isa = PBXFileReference; lastKnownFileType = sourcecode.swift; path = TP2_G3UITests.swift; sourceTree = "<group>"; };
		667D16C429320102007BAEE6 /* TP2_G3UITestsLaunchTests.swift */ = {isa = PBXFileReference; lastKnownFileType = sourcecode.swift; path = TP2_G3UITestsLaunchTests.swift; sourceTree = "<group>"; };
		66851B1F293207080030C6C5 /* CountriesTableViewController.swift */ = {isa = PBXFileReference; lastKnownFileType = sourcecode.swift; path = CountriesTableViewController.swift; sourceTree = "<group>"; };
		66851B22293210970030C6C5 /* Country.swift */ = {isa = PBXFileReference; lastKnownFileType = sourcecode.swift; path = Country.swift; sourceTree = "<group>"; };
		66851B25293211310030C6C5 /* Countries.swift */ = {isa = PBXFileReference; lastKnownFileType = sourcecode.swift; path = Countries.swift; sourceTree = "<group>"; };
/* End PBXFileReference section */

/* Begin PBXFrameworksBuildPhase section */
		667D169B29320101007BAEE6 /* Frameworks */ = {
			isa = PBXFrameworksBuildPhase;
			buildActionMask = 2147483647;
			files = (
			);
			runOnlyForDeploymentPostprocessing = 0;
		};
		667D16B129320102007BAEE6 /* Frameworks */ = {
			isa = PBXFrameworksBuildPhase;
			buildActionMask = 2147483647;
			files = (
			);
			runOnlyForDeploymentPostprocessing = 0;
		};
		667D16BB29320102007BAEE6 /* Frameworks */ = {
			isa = PBXFrameworksBuildPhase;
			buildActionMask = 2147483647;
			files = (
			);
			runOnlyForDeploymentPostprocessing = 0;
		};
/* End PBXFrameworksBuildPhase section */

/* Begin PBXGroup section */
		667D169529320101007BAEE6 = {
			isa = PBXGroup;
			children = (
				66851B1F293207080030C6C5 /* CountriesTableViewController.swift */,
				667D16A029320101007BAEE6 /* TP2_G3 */,
				667D16B729320102007BAEE6 /* TP2_G3Tests */,
				667D16C129320102007BAEE6 /* TP2_G3UITests */,
				667D169F29320101007BAEE6 /* Products */,
			);
			sourceTree = "<group>";
		};
		667D169F29320101007BAEE6 /* Products */ = {
			isa = PBXGroup;
			children = (
				667D169E29320101007BAEE6 /* TP2_G3.app */,
				667D16B429320102007BAEE6 /* TP2_G3Tests.xctest */,
				667D16BE29320102007BAEE6 /* TP2_G3UITests.xctest */,
			);
			name = Products;
			sourceTree = "<group>";
		};
		667D16A029320101007BAEE6 /* TP2_G3 */ = {
			isa = PBXGroup;
			children = (
				66851B24293211090030C6C5 /* data */,
				66851B21293210530030C6C5 /* models */,
				667D16A129320101007BAEE6 /* AppDelegate.swift */,
				667D16A329320101007BAEE6 /* SceneDelegate.swift */,
				667D16A529320101007BAEE6 /* ViewController.swift */,
				667D16A729320101007BAEE6 /* Main.storyboard */,
				667D16AA29320102007BAEE6 /* Assets.xcassets */,
				667D16AC29320102007BAEE6 /* LaunchScreen.storyboard */,
				667D16AF29320102007BAEE6 /* Info.plist */,
			);
			path = TP2_G3;
			sourceTree = "<group>";
		};
		667D16B729320102007BAEE6 /* TP2_G3Tests */ = {
			isa = PBXGroup;
			children = (
				667D16B829320102007BAEE6 /* TP2_G3Tests.swift */,
			);
			path = TP2_G3Tests;
			sourceTree = "<group>";
		};
		667D16C129320102007BAEE6 /* TP2_G3UITests */ = {
			isa = PBXGroup;
			children = (
				667D16C229320102007BAEE6 /* TP2_G3UITests.swift */,
				667D16C429320102007BAEE6 /* TP2_G3UITestsLaunchTests.swift */,
			);
			path = TP2_G3UITests;
			sourceTree = "<group>";
		};
		66851B21293210530030C6C5 /* models */ = {
			isa = PBXGroup;
			children = (
				66851B22293210970030C6C5 /* Country.swift */,
			);
			path = models;
			sourceTree = "<group>";
		};
		66851B24293211090030C6C5 /* data */ = {
			isa = PBXGroup;
			children = (
				66851B25293211310030C6C5 /* Countries.swift */,
			);
			path = data;
			sourceTree = "<group>";
		};
/* End PBXGroup section */

/* Begin PBXNativeTarget section */
		667D169D29320101007BAEE6 /* TP2_G3 */ = {
			isa = PBXNativeTarget;
			buildConfigurationList = 667D16C829320102007BAEE6 /* Build configuration list for PBXNativeTarget "TP2_G3" */;
			buildPhases = (
				667D169A29320101007BAEE6 /* Sources */,
				667D169B29320101007BAEE6 /* Frameworks */,
				667D169C29320101007BAEE6 /* Resources */,
			);
			buildRules = (
			);
			dependencies = (
			);
			name = TP2_G3;
			productName = TP2_G3;
			productReference = 667D169E29320101007BAEE6 /* TP2_G3.app */;
			productType = "com.apple.product-type.application";
		};
		667D16B329320102007BAEE6 /* TP2_G3Tests */ = {
			isa = PBXNativeTarget;
			buildConfigurationList = 667D16CB29320102007BAEE6 /* Build configuration list for PBXNativeTarget "TP2_G3Tests" */;
			buildPhases = (
				667D16B029320102007BAEE6 /* Sources */,
				667D16B129320102007BAEE6 /* Frameworks */,
				667D16B229320102007BAEE6 /* Resources */,
			);
			buildRules = (
			);
			dependencies = (
				667D16B629320102007BAEE6 /* PBXTargetDependency */,
			);
			name = TP2_G3Tests;
			productName = TP2_G3Tests;
			productReference = 667D16B429320102007BAEE6 /* TP2_G3Tests.xctest */;
			productType = "com.apple.product-type.bundle.unit-test";
		};
		667D16BD29320102007BAEE6 /* TP2_G3UITests */ = {
			isa = PBXNativeTarget;
			buildConfigurationList = 667D16CE29320102007BAEE6 /* Build configuration list for PBXNativeTarget "TP2_G3UITests" */;
			buildPhases = (
				667D16BA29320102007BAEE6 /* Sources */,
				667D16BB29320102007BAEE6 /* Frameworks */,
				667D16BC29320102007BAEE6 /* Resources */,
			);
			buildRules = (
			);
			dependencies = (
				667D16C029320102007BAEE6 /* PBXTargetDependency */,
			);
			name = TP2_G3UITests;
			productName = TP2_G3UITests;
			productReference = 667D16BE29320102007BAEE6 /* TP2_G3UITests.xctest */;
			productType = "com.apple.product-type.bundle.ui-testing";
		};
/* End PBXNativeTarget section */

/* Begin PBXProject section */
		667D169629320101007BAEE6 /* Project object */ = {
			isa = PBXProject;
			attributes = {
				BuildIndependentTargetsInParallel = 1;
				LastSwiftUpdateCheck = 1330;
				LastUpgradeCheck = 1330;
				TargetAttributes = {
					667D169D29320101007BAEE6 = {
						CreatedOnToolsVersion = 13.3.1;
					};
					667D16B329320102007BAEE6 = {
						CreatedOnToolsVersion = 13.3.1;
						TestTargetID = 667D169D29320101007BAEE6;
					};
					667D16BD29320102007BAEE6 = {
						CreatedOnToolsVersion = 13.3.1;
						TestTargetID = 667D169D29320101007BAEE6;
					};
				};
			};
			buildConfigurationList = 667D169929320101007BAEE6 /* Build configuration list for PBXProject "TP2_G3" */;
			compatibilityVersion = "Xcode 13.0";
			developmentRegion = en;
			hasScannedForEncodings = 0;
			knownRegions = (
				en,
				Base,
			);
			mainGroup = 667D169529320101007BAEE6;
			productRefGroup = 667D169F29320101007BAEE6 /* Products */;
			projectDirPath = "";
			projectRoot = "";
			targets = (
				667D169D29320101007BAEE6 /* TP2_G3 */,
				667D16B329320102007BAEE6 /* TP2_G3Tests */,
				667D16BD29320102007BAEE6 /* TP2_G3UITests */,
			);
		};
/* End PBXProject section */

/* Begin PBXResourcesBuildPhase section */
		667D169C29320101007BAEE6 /* Resources */ = {
			isa = PBXResourcesBuildPhase;
			buildActionMask = 2147483647;
			files = (
				667D16AE29320102007BAEE6 /* LaunchScreen.storyboard in Resources */,
				667D16AB29320102007BAEE6 /* Assets.xcassets in Resources */,
				667D16A929320101007BAEE6 /* Main.storyboard in Resources */,
			);
			runOnlyForDeploymentPostprocessing = 0;
		};
		667D16B229320102007BAEE6 /* Resources */ = {
			isa = PBXResourcesBuildPhase;
			buildActionMask = 2147483647;
			files = (
			);
			runOnlyForDeploymentPostprocessing = 0;
		};
		667D16BC29320102007BAEE6 /* Resources */ = {
			isa = PBXResourcesBuildPhase;
			buildActionMask = 2147483647;
			files = (
			);
			runOnlyForDeploymentPostprocessing = 0;
		};
/* End PBXResourcesBuildPhase section */

/* Begin PBXSourcesBuildPhase section */
		667D169A29320101007BAEE6 /* Sources */ = {
			isa = PBXSourcesBuildPhase;
			buildActionMask = 2147483647;
			files = (
				66851B20293207080030C6C5 /* CountriesTableViewController.swift in Sources */,
				667D16A629320101007BAEE6 /* ViewController.swift in Sources */,
				667D16A229320101007BAEE6 /* AppDelegate.swift in Sources */,
				66851B23293210970030C6C5 /* Country.swift in Sources */,
				66851B26293211310030C6C5 /* Countries.swift in Sources */,
				667D16A429320101007BAEE6 /* SceneDelegate.swift in Sources */,
			);
			runOnlyForDeploymentPostprocessing = 0;
		};
		667D16B029320102007BAEE6 /* Sources */ = {
			isa = PBXSourcesBuildPhase;
			buildActionMask = 2147483647;
			files = (
				667D16B929320102007BAEE6 /* TP2_G3Tests.swift in Sources */,
			);
			runOnlyForDeploymentPostprocessing = 0;
		};
		667D16BA29320102007BAEE6 /* Sources */ = {
			isa = PBXSourcesBuildPhase;
			buildActionMask = 2147483647;
			files = (
				667D16C329320102007BAEE6 /* TP2_G3UITests.swift in Sources */,
				667D16C529320102007BAEE6 /* TP2_G3UITestsLaunchTests.swift in Sources */,
			);
			runOnlyForDeploymentPostprocessing = 0;
		};
/* End PBXSourcesBuildPhase section */

/* Begin PBXTargetDependency section */
		667D16B629320102007BAEE6 /* PBXTargetDependency */ = {
			isa = PBXTargetDependency;
			target = 667D169D29320101007BAEE6 /* TP2_G3 */;
			targetProxy = 667D16B529320102007BAEE6 /* PBXContainerItemProxy */;
		};
		667D16C029320102007BAEE6 /* PBXTargetDependency */ = {
			isa = PBXTargetDependency;
			target = 667D169D29320101007BAEE6 /* TP2_G3 */;
			targetProxy = 667D16BF29320102007BAEE6 /* PBXContainerItemProxy */;
		};
/* End PBXTargetDependency section */

/* Begin PBXVariantGroup section */
		667D16A729320101007BAEE6 /* Main.storyboard */ = {
			isa = PBXVariantGroup;
			children = (
				667D16A829320101007BAEE6 /* Base */,
			);
			name = Main.storyboard;
			sourceTree = "<group>";
		};
		667D16AC29320102007BAEE6 /* LaunchScreen.storyboard */ = {
			isa = PBXVariantGroup;
			children = (
				667D16AD29320102007BAEE6 /* Base */,
			);
			name = LaunchScreen.storyboard;
			sourceTree = "<group>";
		};
/* End PBXVariantGroup section */

/* Begin XCBuildConfiguration section */
		667D16C629320102007BAEE6 /* Debug */ = {
			isa = XCBuildConfiguration;
			buildSettings = {
				ALWAYS_SEARCH_USER_PATHS = NO;
				CLANG_ANALYZER_NONNULL = YES;
				CLANG_ANALYZER_NUMBER_OBJECT_CONVERSION = YES_AGGRESSIVE;
				CLANG_CXX_LANGUAGE_STANDARD = "gnu++17";
				CLANG_ENABLE_MODULES = YES;
				CLANG_ENABLE_OBJC_ARC = YES;
				CLANG_ENABLE_OBJC_WEAK = YES;
				CLANG_WARN_BLOCK_CAPTURE_AUTORELEASING = YES;
				CLANG_WARN_BOOL_CONVERSION = YES;
				CLANG_WARN_COMMA = YES;
				CLANG_WARN_CONSTANT_CONVERSION = YES;
				CLANG_WARN_DEPRECATED_OBJC_IMPLEMENTATIONS = YES;
				CLANG_WARN_DIRECT_OBJC_ISA_USAGE = YES_ERROR;
				CLANG_WARN_DOCUMENTATION_COMMENTS = YES;
				CLANG_WARN_EMPTY_BODY = YES;
				CLANG_WARN_ENUM_CONVERSION = YES;
				CLANG_WARN_INFINITE_RECURSION = YES;
				CLANG_WARN_INT_CONVERSION = YES;
				CLANG_WARN_NON_LITERAL_NULL_CONVERSION = YES;
				CLANG_WARN_OBJC_IMPLICIT_RETAIN_SELF = YES;
				CLANG_WARN_OBJC_LITERAL_CONVERSION = YES;
				CLANG_WARN_OBJC_ROOT_CLASS = YES_ERROR;
				CLANG_WARN_QUOTED_INCLUDE_IN_FRAMEWORK_HEADER = YES;
				CLANG_WARN_RANGE_LOOP_ANALYSIS = YES;
				CLANG_WARN_STRICT_PROTOTYPES = YES;
				CLANG_WARN_SUSPICIOUS_MOVE = YES;
				CLANG_WARN_UNGUARDED_AVAILABILITY = YES_AGGRESSIVE;
				CLANG_WARN_UNREACHABLE_CODE = YES;
				CLANG_WARN__DUPLICATE_METHOD_MATCH = YES;
				COPY_PHASE_STRIP = NO;
				DEBUG_INFORMATION_FORMAT = dwarf;
				ENABLE_STRICT_OBJC_MSGSEND = YES;
				ENABLE_TESTABILITY = YES;
				GCC_C_LANGUAGE_STANDARD = gnu11;
				GCC_DYNAMIC_NO_PIC = NO;
				GCC_NO_COMMON_BLOCKS = YES;
				GCC_OPTIMIZATION_LEVEL = 0;
				GCC_PREPROCESSOR_DEFINITIONS = (
					"DEBUG=1",
					"$(inherited)",
				);
				GCC_WARN_64_TO_32_BIT_CONVERSION = YES;
				GCC_WARN_ABOUT_RETURN_TYPE = YES_ERROR;
				GCC_WARN_UNDECLARED_SELECTOR = YES;
				GCC_WARN_UNINITIALIZED_AUTOS = YES_AGGRESSIVE;
				GCC_WARN_UNUSED_FUNCTION = YES;
				GCC_WARN_UNUSED_VARIABLE = YES;
				IPHONEOS_DEPLOYMENT_TARGET = 15.4;
				MTL_ENABLE_DEBUG_INFO = INCLUDE_SOURCE;
				MTL_FAST_MATH = YES;
				ONLY_ACTIVE_ARCH = YES;
				SDKROOT = iphoneos;
				SWIFT_ACTIVE_COMPILATION_CONDITIONS = DEBUG;
				SWIFT_OPTIMIZATION_LEVEL = "-Onone";
			};
			name = Debug;
		};
		667D16C729320102007BAEE6 /* Release */ = {
			isa = XCBuildConfiguration;
			buildSettings = {
				ALWAYS_SEARCH_USER_PATHS = NO;
				CLANG_ANALYZER_NONNULL = YES;
				CLANG_ANALYZER_NUMBER_OBJECT_CONVERSION = YES_AGGRESSIVE;
				CLANG_CXX_LANGUAGE_STANDARD = "gnu++17";
				CLANG_ENABLE_MODULES = YES;
				CLANG_ENABLE_OBJC_ARC = YES;
				CLANG_ENABLE_OBJC_WEAK = YES;
				CLANG_WARN_BLOCK_CAPTURE_AUTORELEASING = YES;
				CLANG_WARN_BOOL_CONVERSION = YES;
				CLANG_WARN_COMMA = YES;
				CLANG_WARN_CONSTANT_CONVERSION = YES;
				CLANG_WARN_DEPRECATED_OBJC_IMPLEMENTATIONS = YES;
				CLANG_WARN_DIRECT_OBJC_ISA_USAGE = YES_ERROR;
				CLANG_WARN_DOCUMENTATION_COMMENTS = YES;
				CLANG_WARN_EMPTY_BODY = YES;
				CLANG_WARN_ENUM_CONVERSION = YES;
				CLANG_WARN_INFINITE_RECURSION = YES;
				CLANG_WARN_INT_CONVERSION = YES;
				CLANG_WARN_NON_LITERAL_NULL_CONVERSION = YES;
				CLANG_WARN_OBJC_IMPLICIT_RETAIN_SELF = YES;
				CLANG_WARN_OBJC_LITERAL_CONVERSION = YES;
				CLANG_WARN_OBJC_ROOT_CLASS = YES_ERROR;
				CLANG_WARN_QUOTED_INCLUDE_IN_FRAMEWORK_HEADER = YES;
				CLANG_WARN_RANGE_LOOP_ANALYSIS = YES;
				CLANG_WARN_STRICT_PROTOTYPES = YES;
				CLANG_WARN_SUSPICIOUS_MOVE = YES;
				CLANG_WARN_UNGUARDED_AVAILABILITY = YES_AGGRESSIVE;
				CLANG_WARN_UNREACHABLE_CODE = YES;
				CLANG_WARN__DUPLICATE_METHOD_MATCH = YES;
				COPY_PHASE_STRIP = NO;
				DEBUG_INFORMATION_FORMAT = "dwarf-with-dsym";
				ENABLE_NS_ASSERTIONS = NO;
				ENABLE_STRICT_OBJC_MSGSEND = YES;
				GCC_C_LANGUAGE_STANDARD = gnu11;
				GCC_NO_COMMON_BLOCKS = YES;
				GCC_WARN_64_TO_32_BIT_CONVERSION = YES;
				GCC_WARN_ABOUT_RETURN_TYPE = YES_ERROR;
				GCC_WARN_UNDECLARED_SELECTOR = YES;
				GCC_WARN_UNINITIALIZED_AUTOS = YES_AGGRESSIVE;
				GCC_WARN_UNUSED_FUNCTION = YES;
				GCC_WARN_UNUSED_VARIABLE = YES;
				IPHONEOS_DEPLOYMENT_TARGET = 15.4;
				MTL_ENABLE_DEBUG_INFO = NO;
				MTL_FAST_MATH = YES;
				SDKROOT = iphoneos;
				SWIFT_COMPILATION_MODE = wholemodule;
				SWIFT_OPTIMIZATION_LEVEL = "-O";
				VALIDATE_PRODUCT = YES;
			};
			name = Release;
		};
		667D16C929320102007BAEE6 /* Debug */ = {
			isa = XCBuildConfiguration;
			buildSettings = {
				ASSETCATALOG_COMPILER_APPICON_NAME = AppIcon;
				ASSETCATALOG_COMPILER_GLOBAL_ACCENT_COLOR_NAME = AccentColor;
				CODE_SIGN_STYLE = Automatic;
				CURRENT_PROJECT_VERSION = 1;
				GENERATE_INFOPLIST_FILE = YES;
				INFOPLIST_FILE = TP2_G3/Info.plist;
				INFOPLIST_KEY_UIApplicationSupportsIndirectInputEvents = YES;
				INFOPLIST_KEY_UILaunchStoryboardName = LaunchScreen;
				INFOPLIST_KEY_UIMainStoryboardFile = Main;
				INFOPLIST_KEY_UISupportedInterfaceOrientations_iPad = "UIInterfaceOrientationPortrait UIInterfaceOrientationPortraitUpsideDown UIInterfaceOrientationLandscapeLeft UIInterfaceOrientationLandscapeRight";
				INFOPLIST_KEY_UISupportedInterfaceOrientations_iPhone = "UIInterfaceOrientationPortrait UIInterfaceOrientationLandscapeLeft UIInterfaceOrientationLandscapeRight";
				LD_RUNPATH_SEARCH_PATHS = (
					"$(inherited)",
					"@executable_path/Frameworks",
				);
				MARKETING_VERSION = 1.0;
				PRODUCT_BUNDLE_IDENTIFIER = "com.mbds.marrakech.TP2-G3";
				PRODUCT_NAME = "$(TARGET_NAME)";
				SWIFT_EMIT_LOC_STRINGS = YES;
				SWIFT_VERSION = 5.0;
				TARGETED_DEVICE_FAMILY = "1,2";
			};
			name = Debug;
		};
		667D16CA29320102007BAEE6 /* Release */ = {
			isa = XCBuildConfiguration;
			buildSettings = {
				ASSETCATALOG_COMPILER_APPICON_NAME = AppIcon;
				ASSETCATALOG_COMPILER_GLOBAL_ACCENT_COLOR_NAME = AccentColor;
				CODE_SIGN_STYLE = Automatic;
				CURRENT_PROJECT_VERSION = 1;
				GENERATE_INFOPLIST_FILE = YES;
				INFOPLIST_FILE = TP2_G3/Info.plist;
				INFOPLIST_KEY_UIApplicationSupportsIndirectInputEvents = YES;
				INFOPLIST_KEY_UILaunchStoryboardName = LaunchScreen;
				INFOPLIST_KEY_UIMainStoryboardFile = Main;
				INFOPLIST_KEY_UISupportedInterfaceOrientations_iPad = "UIInterfaceOrientationPortrait UIInterfaceOrientationPortraitUpsideDown UIInterfaceOrientationLandscapeLeft UIInterfaceOrientationLandscapeRight";
				INFOPLIST_KEY_UISupportedInterfaceOrientations_iPhone = "UIInterfaceOrientationPortrait UIInterfaceOrientationLandscapeLeft UIInterfaceOrientationLandscapeRight";
				LD_RUNPATH_SEARCH_PATHS = (
					"$(inherited)",
					"@executable_path/Frameworks",
				);
				MARKETING_VERSION = 1.0;
				PRODUCT_BUNDLE_IDENTIFIER = "com.mbds.marrakech.TP2-G3";
				PRODUCT_NAME = "$(TARGET_NAME)";
				SWIFT_EMIT_LOC_STRINGS = YES;
				SWIFT_VERSION = 5.0;
				TARGETED_DEVICE_FAMILY = "1,2";
			};
			name = Release;
		};
		667D16CC29320102007BAEE6 /* Debug */ = {
			isa = XCBuildConfiguration;
			buildSettings = {
				ALWAYS_EMBED_SWIFT_STANDARD_LIBRARIES = YES;
				BUNDLE_LOADER = "$(TEST_HOST)";
				CODE_SIGN_STYLE = Automatic;
				CURRENT_PROJECT_VERSION = 1;
				GENERATE_INFOPLIST_FILE = YES;
				IPHONEOS_DEPLOYMENT_TARGET = 15.4;
				MARKETING_VERSION = 1.0;
				PRODUCT_BUNDLE_IDENTIFIER = "com.mbds.marrakech.TP2-G3Tests";
				PRODUCT_NAME = "$(TARGET_NAME)";
				SWIFT_EMIT_LOC_STRINGS = NO;
				SWIFT_VERSION = 5.0;
				TARGETED_DEVICE_FAMILY = "1,2";
				TEST_HOST = "$(BUILT_PRODUCTS_DIR)/TP2_G3.app/TP2_G3";
			};
			name = Debug;
		};
		667D16CD29320102007BAEE6 /* Release */ = {
			isa = XCBuildConfiguration;
			buildSettings = {
				ALWAYS_EMBED_SWIFT_STANDARD_LIBRARIES = YES;
				BUNDLE_LOADER = "$(TEST_HOST)";
				CODE_SIGN_STYLE = Automatic;
				CURRENT_PROJECT_VERSION = 1;
				GENERATE_INFOPLIST_FILE = YES;
				IPHONEOS_DEPLOYMENT_TARGET = 15.4;
				MARKETING_VERSION = 1.0;
				PRODUCT_BUNDLE_IDENTIFIER = "com.mbds.marrakech.TP2-G3Tests";
				PRODUCT_NAME = "$(TARGET_NAME)";
				SWIFT_EMIT_LOC_STRINGS = NO;
				SWIFT_VERSION = 5.0;
				TARGETED_DEVICE_FAMILY = "1,2";
				TEST_HOST = "$(BUILT_PRODUCTS_DIR)/TP2_G3.app/TP2_G3";
			};
			name = Release;
		};
		667D16CF29320102007BAEE6 /* Debug */ = {
			isa = XCBuildConfiguration;
			buildSettings = {
				ALWAYS_EMBED_SWIFT_STANDARD_LIBRARIES = YES;
				CODE_SIGN_STYLE = Automatic;
				CURRENT_PROJECT_VERSION = 1;
				GENERATE_INFOPLIST_FILE = YES;
				MARKETING_VERSION = 1.0;
				PRODUCT_BUNDLE_IDENTIFIER = "com.mbds.marrakech.TP2-G3UITests";
				PRODUCT_NAME = "$(TARGET_NAME)";
				SWIFT_EMIT_LOC_STRINGS = NO;
				SWIFT_VERSION = 5.0;
				TARGETED_DEVICE_FAMILY = "1,2";
				TEST_TARGET_NAME = TP2_G3;
			};
			name = Debug;
		};
		667D16D029320102007BAEE6 /* Release */ = {
			isa = XCBuildConfiguration;
			buildSettings = {
				ALWAYS_EMBED_SWIFT_STANDARD_LIBRARIES = YES;
				CODE_SIGN_STYLE = Automatic;
				CURRENT_PROJECT_VERSION = 1;
				GENERATE_INFOPLIST_FILE = YES;
				MARKETING_VERSION = 1.0;
				PRODUCT_BUNDLE_IDENTIFIER = "com.mbds.marrakech.TP2-G3UITests";
				PRODUCT_NAME = "$(TARGET_NAME)";
				SWIFT_EMIT_LOC_STRINGS = NO;
				SWIFT_VERSION = 5.0;
				TARGETED_DEVICE_FAMILY = "1,2";
				TEST_TARGET_NAME = TP2_G3;
			};
			name = Release;
		};
/* End XCBuildConfiguration section */

/* Begin XCConfigurationList section */
		667D169929320101007BAEE6 /* Build configuration list for PBXProject "TP2_G3" */ = {
			isa = XCConfigurationList;
			buildConfigurations = (
				667D16C629320102007BAEE6 /* Debug */,
				667D16C729320102007BAEE6 /* Release */,
			);
			defaultConfigurationIsVisible = 0;
			defaultConfigurationName = Release;
		};
		667D16C829320102007BAEE6 /* Build configuration list for PBXNativeTarget "TP2_G3" */ = {
			isa = XCConfigurationList;
			buildConfigurations = (
				667D16C929320102007BAEE6 /* Debug */,
				667D16CA29320102007BAEE6 /* Release */,
			);
			defaultConfigurationIsVisible = 0;
			defaultConfigurationName = Release;
		};
		667D16CB29320102007BAEE6 /* Build configuration list for PBXNativeTarget "TP2_G3Tests" */ = {
			isa = XCConfigurationList;
			buildConfigurations = (
				667D16CC29320102007BAEE6 /* Debug */,
				667D16CD29320102007BAEE6 /* Release */,
			);
			defaultConfigurationIsVisible = 0;
			defaultConfigurationName = Release;
		};
		667D16CE29320102007BAEE6 /* Build configuration list for PBXNativeTarget "TP2_G3UITests" */ = {
			isa = XCConfigurationList;
			buildConfigurations = (
				667D16CF29320102007BAEE6 /* Debug */,
				667D16D029320102007BAEE6 /* Release */,
			);
			defaultConfigurationIsVisible = 0;
			defaultConfigurationName = Release;
		};
/* End XCConfigurationList section */
	};
	rootObject = 667D169629320101007BAEE6 /* Project object */;
}
